<?xml version="1.0" encoding="utf-8"?>
<Project ToolsVersion="4.0" xmlns="http://schemas.microsoft.com/developer/msbuild/2003">
  <ItemGroup>
    <ClCompile Include="src\main.cpp" />
    <ClCompile Include="src\TimetableUnit.cpp" />
    <ClCompile Include="src\DataChecker.cpp" />
    <ClCompile Include="src\BussLine.cpp" />
    <ClCompile Include="src\MainMenu.cpp" />
  </ItemGroup>
  <ItemGroup>
    <ClInclude Include="src\TimetableUnit.h" />
    <ClInclude Include="src\DataChecker.h" />
    <ClInclude Include="src\BussLine.h" />
    <ClInclude Include="src\MainMenu.h" />
    <ClInclude Include="src\ConsoleClear.h" />
  </ItemGroup>
</Project>